
Microsoft Visual Studio Solution File, Format Version 12.00
# Visual Studio Version 16
VisualStudioVersion = 16.0.30309.148
MinimumVisualStudioVersion = 10.0.40219.1
Project("{8BC9CEB8-8B4A-11D0-8D11-00A0C91BC942}") = "Examples", "Examples.vcxproj", "{670011AA-24E0-4C9B-B5C4-29883D3A3578}"
EndProject
Global
	GlobalSection(SolutionConfigurationPlatforms) = preSolution
		Debug|x64 = Debug|x64
		Debug|x86 = Debug|x86
		Release|x64 = Release|x64
		Release|x86 = Release|x86
	EndGlobalSection
	GlobalSection(ProjectConfigurationPlatforms) = postSolution
		{670011AA-24E0-4C9B-B5C4-29883D3A3578}.Debug|x64.ActiveCfg = Debug|x64
		{670011AA-24E0-4C9B-B5C4-29883D3A3578}.Debug|x64.Build.0 = Debug|x64
		{670011AA-24E0-4C9B-B5C4-29883D3A3578}.Debug|x86.ActiveCfg = Debug|Win32
		{670011AA-24E0-4C9B-B5C4-29883D3A3578}.Debug|x86.Build.0 = Debug|Win32
		{670011AA-24E0-4C9B-B5C4-29883D3A3578}.Release|x64.ActiveCfg = Release|x64
		{670011AA-24E0-4C9B-B5C4-29883D3A3578}.Release|x64.Build.0 = Release|x64
		{670011AA-24E0-4C9B-B5C4-29883D3A3578}.Release|x86.ActiveCfg = Release|Win32
		{670011AA-24E0-4C9B-B5C4-29883D3A3578}.Release|x86.Build.0 = Release|Win32
	EndGlobalSection
	GlobalSection(SolutionProperties) = preSolution
		HideSolutionNode = FALSE
	EndGlobalSection
	GlobalSection(ExtensibilityGlobals) = postSolution
		SolutionGuid = {6975282B-3B00-439A-9976-E551226B600B}
	EndGlobalSection
EndGlobal
